
Microsoft Visual Studio Solution File, Format Version 12.00
# Visual Studio 14
VisualStudioVersion = 14.0.25420.1
MinimumVisualStudioVersion = 10.0.40219.1
Project("{2150E333-8FDC-42A3-9474-1A3956D46DE8}") = "src", "src", "{D3C49627-44E3-425F-AC0B-457824631522}"
EndProject
Project("{2150E333-8FDC-42A3-9474-1A3956D46DE8}") = "Solution Items", "Solution Items", "{DD1768AE-C558-45FA-B417-6CF1B61EC0CB}"
	ProjectSection(SolutionItems) = preProject
		global.json = global.json
	EndProjectSection
EndProject
Project("{8BB2217D-0F2D-49D1-97BC-3654ED321F3B}") = "JobsPOC", "src\JobsPOC\JobsPOC.xproj", "{B48F15BC-EF63-4013-A1FB-FD0747206CDE}"
EndProject
Global
	GlobalSection(SolutionConfigurationPlatforms) = preSolution
		Debug|Any CPU = Debug|Any CPU
		Release|Any CPU = Release|Any CPU
	EndGlobalSection
	GlobalSection(ProjectConfigurationPlatforms) = postSolution
		{B48F15BC-EF63-4013-A1FB-FD0747206CDE}.Debug|Any CPU.ActiveCfg = Debug|Any CPU
		{B48F15BC-EF63-4013-A1FB-FD0747206CDE}.Debug|Any CPU.Build.0 = Debug|Any CPU
		{B48F15BC-EF63-4013-A1FB-FD0747206CDE}.Release|Any CPU.ActiveCfg = Release|Any CPU
		{B48F15BC-EF63-4013-A1FB-FD0747206CDE}.Release|Any CPU.Build.0 = Release|Any CPU
	EndGlobalSection
	GlobalSection(SolutionProperties) = preSolution
		HideSolutionNode = FALSE
	EndGlobalSection
	GlobalSection(NestedProjects) = preSolution
		{B48F15BC-EF63-4013-A1FB-FD0747206CDE} = {D3C49627-44E3-425F-AC0B-457824631522}
	EndGlobalSection
EndGlobal
